
Microsoft Visual Studio Solution File, Format Version 12.00
Project("{FAE04EC0-301F-11D3-BF4B-00C04F79EFBC}") = "ZimraFdms", "ZimraFdms\ZimraFdms.csproj", "{530EA92D-0392-4466-9559-016B0CA53F26}"
EndProject
Project("{FAE04EC0-301F-11D3-BF4B-00C04F79EFBC}") = "ZimraFdms.Tests", "ZimraFdms.Tests\ZimraFdms.Tests.csproj", "{0BC77866-09D0-46D5-9A30-33B63B2C13F2}"
EndProject
Project("{FAE04EC0-301F-11D3-BF4B-00C04F79EFBC}") = "ZimraFdms.Console", "ZimraFdms.Console\ZimraFdms.Console.csproj", "{C96ACBCE-4878-47A3-8B9E-C75CE42EEB0C}"
EndProject
Project("{FAE04EC0-301F-11D3-BF4B-00C04F79EFBC}") = "ZimraFdms.Api", "ZimraFdms.Api\ZimraFdms.Api.csproj", "{9BF497F7-231C-4387-B0AB-9F3E1DB2A38E}"
EndProject
Global
	GlobalSection(SolutionConfigurationPlatforms) = preSolution
		Debug|Any CPU = Debug|Any CPU
		Debug|x64 = Debug|x64
		Debug|x86 = Debug|x86
		Release|Any CPU = Release|Any CPU
		Release|x64 = Release|x64
		Release|x86 = Release|x86
	EndGlobalSection
	GlobalSection(ProjectConfigurationPlatforms) = postSolution
		{530EA92D-0392-4466-9559-016B0CA53F26}.Debug|Any CPU.ActiveCfg = Debug|Any CPU
		{530EA92D-0392-4466-9559-016B0CA53F26}.Debug|Any CPU.Build.0 = Debug|Any CPU
		{530EA92D-0392-4466-9559-016B0CA53F26}.Debug|x64.ActiveCfg = Debug|Any CPU
		{530EA92D-0392-4466-9559-016B0CA53F26}.Debug|x64.Build.0 = Debug|Any CPU
		{530EA92D-0392-4466-9559-016B0CA53F26}.Debug|x86.ActiveCfg = Debug|Any CPU
		{530EA92D-0392-4466-9559-016B0CA53F26}.Debug|x86.Build.0 = Debug|Any CPU
		{530EA92D-0392-4466-9559-016B0CA53F26}.Release|Any CPU.ActiveCfg = Release|Any CPU
		{530EA92D-0392-4466-9559-016B0CA53F26}.Release|Any CPU.Build.0 = Release|Any CPU
		{530EA92D-0392-4466-9559-016B0CA53F26}.Release|x64.ActiveCfg = Release|Any CPU
		{530EA92D-0392-4466-9559-016B0CA53F26}.Release|x64.Build.0 = Release|Any CPU
		{530EA92D-0392-4466-9559-016B0CA53F26}.Release|x86.ActiveCfg = Release|Any CPU
		{530EA92D-0392-4466-9559-016B0CA53F26}.Release|x86.Build.0 = Release|Any CPU
		{0BC77866-09D0-46D5-9A30-33B63B2C13F2}.Debug|Any CPU.ActiveCfg = Debug|Any CPU
		{0BC77866-09D0-46D5-9A30-33B63B2C13F2}.Debug|Any CPU.Build.0 = Debug|Any CPU
		{0BC77866-09D0-46D5-9A30-33B63B2C13F2}.Debug|x64.ActiveCfg = Debug|Any CPU
		{0BC77866-09D0-46D5-9A30-33B63B2C13F2}.Debug|x64.Build.0 = Debug|Any CPU
		{0BC77866-09D0-46D5-9A30-33B63B2C13F2}.Debug|x86.ActiveCfg = Debug|Any CPU
		{0BC77866-09D0-46D5-9A30-33B63B2C13F2}.Debug|x86.Build.0 = Debug|Any CPU
		{0BC77866-09D0-46D5-9A30-33B63B2C13F2}.Release|Any CPU.ActiveCfg = Release|Any CPU
		{0BC77866-09D0-46D5-9A30-33B63B2C13F2}.Release|Any CPU.Build.0 = Release|Any CPU
		{0BC77866-09D0-46D5-9A30-33B63B2C13F2}.Release|x64.ActiveCfg = Release|Any CPU
		{0BC77866-09D0-46D5-9A30-33B63B2C13F2}.Release|x64.Build.0 = Release|Any CPU
		{0BC77866-09D0-46D5-9A30-33B63B2C13F2}.Release|x86.ActiveCfg = Release|Any CPU
		{0BC77866-09D0-46D5-9A30-33B63B2C13F2}.Release|x86.Build.0 = Release|Any CPU
		{C96ACBCE-4878-47A3-8B9E-C75CE42EEB0C}.Debug|Any CPU.ActiveCfg = Debug|Any CPU
		{C96ACBCE-4878-47A3-8B9E-C75CE42EEB0C}.Debug|Any CPU.Build.0 = Debug|Any CPU
		{C96ACBCE-4878-47A3-8B9E-C75CE42EEB0C}.Debug|x64.ActiveCfg = Debug|Any CPU
		{C96ACBCE-4878-47A3-8B9E-C75CE42EEB0C}.Debug|x64.Build.0 = Debug|Any CPU
		{C96ACBCE-4878-47A3-8B9E-C75CE42EEB0C}.Debug|x86.ActiveCfg = Debug|Any CPU
		{C96ACBCE-4878-47A3-8B9E-C75CE42EEB0C}.Debug|x86.Build.0 = Debug|Any CPU
		{C96ACBCE-4878-47A3-8B9E-C75CE42EEB0C}.Release|Any CPU.ActiveCfg = Release|Any CPU
		{C96ACBCE-4878-47A3-8B9E-C75CE42EEB0C}.Release|Any CPU.Build.0 = Release|Any CPU
		{C96ACBCE-4878-47A3-8B9E-C75CE42EEB0C}.Release|x64.ActiveCfg = Release|Any CPU
		{C96ACBCE-4878-47A3-8B9E-C75CE42EEB0C}.Release|x64.Build.0 = Release|Any CPU
		{C96ACBCE-4878-47A3-8B9E-C75CE42EEB0C}.Release|x86.ActiveCfg = Release|Any CPU
		{C96ACBCE-4878-47A3-8B9E-C75CE42EEB0C}.Release|x86.Build.0 = Release|Any CPU
		{9BF497F7-231C-4387-B0AB-9F3E1DB2A38E}.Debug|Any CPU.ActiveCfg = Debug|Any CPU
		{9BF497F7-231C-4387-B0AB-9F3E1DB2A38E}.Debug|Any CPU.Build.0 = Debug|Any CPU
		{9BF497F7-231C-4387-B0AB-9F3E1DB2A38E}.Debug|x64.ActiveCfg = Debug|Any CPU
		{9BF497F7-231C-4387-B0AB-9F3E1DB2A38E}.Debug|x64.Build.0 = Debug|Any CPU
		{9BF497F7-231C-4387-B0AB-9F3E1DB2A38E}.Debug|x86.ActiveCfg = Debug|Any CPU
		{9BF497F7-231C-4387-B0AB-9F3E1DB2A38E}.Debug|x86.Build.0 = Debug|Any CPU
		{9BF497F7-231C-4387-B0AB-9F3E1DB2A38E}.Release|Any CPU.ActiveCfg = Release|Any CPU
		{9BF497F7-231C-4387-B0AB-9F3E1DB2A38E}.Release|Any CPU.Build.0 = Release|Any CPU
		{9BF497F7-231C-4387-B0AB-9F3E1DB2A38E}.Release|x64.ActiveCfg = Release|Any CPU
		{9BF497F7-231C-4387-B0AB-9F3E1DB2A38E}.Release|x64.Build.0 = Release|Any CPU
		{9BF497F7-231C-4387-B0AB-9F3E1DB2A38E}.Release|x86.ActiveCfg = Release|Any CPU
		{9BF497F7-231C-4387-B0AB-9F3E1DB2A38E}.Release|x86.Build.0 = Release|Any CPU
	EndGlobalSection
	GlobalSection(SolutionProperties) = preSolution
		HideSolutionNode = FALSE
	EndGlobalSection
EndGlobal
